{
  "name": "example",
  "version": "1.0.0",
  "lockfileVersion": 2,
  "requires": true,
  "packages": {
    "": {
      "version": "1.0.0",
      "license": "ISC",
      "dependencies": {
        "@lukekaalim/rest-client": "file:..",
        "@lukekaalim/server": "^7.1.2"
      }
    },
    "..": {
      "name": "@lukekaalim/rest-client",
      "version": "1.0.0",
      "license": "ISC",
      "dependencies": {
        "@lukekaalim/cast": "^1.0.0",
        "@lukekaalim/http-client": "^2.3.1"
      }
    },
    "node_modules/@lukekaalim/rest-client": {
      "resolved": "..",
      "link": true
    },
    "node_modules/@lukekaalim/server": {
      "version": "7.1.2",
      "resolved": "https://registry.npmjs.org/@lukekaalim/server/-/server-7.1.2.tgz",
      "integrity": "sha512-V3NeSMof8zNoGgWO7Zj41ZP96KybJFKHFj9uXqlpleuwhlkjwOVacmOm3SV1kBZ3da+Rt5Ds5WnIQyKcpf8fqA=="
    }
  },
  "dependencies": {
    "@lukekaalim/rest-client": {
      "version": "file:..",
      "requires": {
        "@lukekaalim/cast": "^1.0.0",
        "@lukekaalim/http-client": "^2.3.1"
      }
    },
    "@lukekaalim/server": {
      "version": "7.1.2",
      "resolved": "https://registry.npmjs.org/@lukekaalim/server/-/server-7.1.2.tgz",
      "integrity": "sha512-V3NeSMof8zNoGgWO7Zj41ZP96KybJFKHFj9uXqlpleuwhlkjwOVacmOm3SV1kBZ3da+Rt5Ds5WnIQyKcpf8fqA=="
    }
  }
}
