{
  "name": "@lukekaalim/rest-client",
  "version": "1.0.0",
  "lockfileVersion": 2,
  "requires": true,
  "packages": {
    "": {
      "name": "@lukekaalim/rest-client",
      "version": "1.0.0",
      "license": "ISC",
      "dependencies": {
        "@lukekaalim/cast": "^1.0.0",
        "@lukekaalim/http-client": "^2.3.1"
      }
    },
    "node_modules/@lukekaalim/cast": {
      "version": "1.0.0",
      "resolved": "https://registry.npmjs.org/@lukekaalim/cast/-/cast-1.0.0.tgz",
      "integrity": "sha512-u0G1mmMlPfYtkNfTC53DT/F4D2ABMQAHKOJ2PXnidK3mwPaouAbGp8dRQun/QaoOVF/X7dP7gsJzO2bSBruuPQ=="
    },
    "node_modules/@lukekaalim/http-client": {
      "version": "2.3.1",
      "resolved": "https://registry.npmjs.org/@lukekaalim/http-client/-/http-client-2.3.1.tgz",
      "integrity": "sha512-haHPeqFQ/MIaa9/kHqshGXqrj54YgTV3d2BsC+icua4M/EVvxHSrkRR4RcCypEFTjmp0iGmF8iAP4PxrYV0wGw=="
    }
  },
  "dependencies": {
    "@lukekaalim/cast": {
      "version": "1.0.0",
      "resolved": "https://registry.npmjs.org/@lukekaalim/cast/-/cast-1.0.0.tgz",
      "integrity": "sha512-u0G1mmMlPfYtkNfTC53DT/F4D2ABMQAHKOJ2PXnidK3mwPaouAbGp8dRQun/QaoOVF/X7dP7gsJzO2bSBruuPQ=="
    },
    "@lukekaalim/http-client": {
      "version": "2.3.1",
      "resolved": "https://registry.npmjs.org/@lukekaalim/http-client/-/http-client-2.3.1.tgz",
      "integrity": "sha512-haHPeqFQ/MIaa9/kHqshGXqrj54YgTV3d2BsC+icua4M/EVvxHSrkRR4RcCypEFTjmp0iGmF8iAP4PxrYV0wGw=="
    }
  }
}
